
Microsoft Visual Studio Solution File, Format Version 11.00
# Visual Studio 2010
Project("{54435603-DBB4-11D2-8724-00A0C9A8B90C}") = "hosts_setup_win_ipv6_x86_x64", "hosts_setup_win_ipv6_x86_x64\hosts_setup_win_ipv6_x86_x64.vdproj", "{0C6DBEA0-912E-487F-9C01-EBE95CDD9762}"
EndProject
Global
	GlobalSection(SolutionConfigurationPlatforms) = preSolution
		Debug|Default = Debug|Default
		Release|Default = Release|Default
	EndGlobalSection
	GlobalSection(ProjectConfigurationPlatforms) = postSolution
		{0C6DBEA0-912E-487F-9C01-EBE95CDD9762}.Debug|Default.ActiveCfg = Debug
		{0C6DBEA0-912E-487F-9C01-EBE95CDD9762}.Debug|Default.Build.0 = Debug
		{0C6DBEA0-912E-487F-9C01-EBE95CDD9762}.Release|Default.ActiveCfg = Release
		{0C6DBEA0-912E-487F-9C01-EBE95CDD9762}.Release|Default.Build.0 = Release
	EndGlobalSection
	GlobalSection(SolutionProperties) = preSolution
		HideSolutionNode = FALSE
	EndGlobalSection
EndGlobal
