
Microsoft Visual Studio Solution File, Format Version 11.00
# Visual Studio 2010
Project("{54435603-DBB4-11D2-8724-00A0C9A8B90C}") = "hosts_setup_win_ipv4_x86_x64", "hosts_setup_win_ipv4_x86_x64\hosts_setup_win_ipv4_x86_x64.vdproj", "{A634320D-A6F0-42D6-A147-24C9F6763367}"
EndProject
Global
	GlobalSection(SolutionConfigurationPlatforms) = preSolution
		Debug|Default = Debug|Default
		Release|Default = Release|Default
	EndGlobalSection
	GlobalSection(ProjectConfigurationPlatforms) = postSolution
		{A634320D-A6F0-42D6-A147-24C9F6763367}.Debug|Default.ActiveCfg = Debug
		{A634320D-A6F0-42D6-A147-24C9F6763367}.Debug|Default.Build.0 = Debug
		{A634320D-A6F0-42D6-A147-24C9F6763367}.Release|Default.ActiveCfg = Release
		{A634320D-A6F0-42D6-A147-24C9F6763367}.Release|Default.Build.0 = Release
	EndGlobalSection
	GlobalSection(SolutionProperties) = preSolution
		HideSolutionNode = FALSE
	EndGlobalSection
EndGlobal
